// !$*UTF8*$!
{
	archiveVersion = 1;
	classes = {
	};
	objectVersion = 77;
	objects = {

/* Begin PBXContainerItemProxy section */
		094FF3EA2DAA0D6800164DEB /* PBXContainerItemProxy */ = {
			isa = PBXContainerItemProxy;
			containerPortal = 094FF3D12DAA0D6600164DEB /* Project object */;
			proxyType = 1;
			remoteGlobalIDString = 094FF3D82DAA0D6600164DEB;
			remoteInfo = "Group-Project";
		};
		094FF3F42DAA0D6800164DEB /* PBXContainerItemProxy */ = {
			isa = PBXContainerItemProxy;
			containerPortal = 094FF3D12DAA0D6600164DEB /* Project object */;
			proxyType = 1;
			remoteGlobalIDString = 094FF3D82DAA0D6600164DEB;
			remoteInfo = "Group-Project";
		};
/* End PBXContainerItemProxy section */

/* Begin PBXFileReference section */
		094FF3D92DAA0D6600164DEB /* PolyWatch.app */ = {isa = PBXFileReference; explicitFileType = wrapper.application; includeInIndex = 0; path = PolyWatch.app; sourceTree = BUILT_PRODUCTS_DIR; };
		094FF3E92DAA0D6800164DEB /* PolyWatchTests.xctest */ = {isa = PBXFileReference; explicitFileType = wrapper.cfbundle; includeInIndex = 0; path = PolyWatchTests.xctest; sourceTree = BUILT_PRODUCTS_DIR; };
		094FF3F32DAA0D6800164DEB /* PolyWatchUITests.xctest */ = {isa = PBXFileReference; explicitFileType = wrapper.cfbundle; includeInIndex = 0; path = PolyWatchUITests.xctest; sourceTree = BUILT_PRODUCTS_DIR; };
/* End PBXFileReference section */

/* Begin PBXFileSystemSynchronizedRootGroup section */
		094FF3DB2DAA0D6600164DEB /* Group-Project */ = {
			isa = PBXFileSystemSynchronizedRootGroup;
			path = "Group-Project";
			sourceTree = "<group>";
		};
		094FF3EC2DAA0D6800164DEB /* Group-ProjectTests */ = {
			isa = PBXFileSystemSynchronizedRootGroup;
			path = "Group-ProjectTests";
			sourceTree = "<group>";
		};
		094FF3F62DAA0D6800164DEB /* Group-ProjectUITests */ = {
			isa = PBXFileSystemSynchronizedRootGroup;
			path = "Group-ProjectUITests";
			sourceTree = "<group>";
		};
/* End PBXFileSystemSynchronizedRootGroup section */

/* Begin PBXFrameworksBuildPhase section */
		094FF3D62DAA0D6600164DEB /* Frameworks */ = {
			isa = PBXFrameworksBuildPhase;
			buildActionMask = 2147483647;
			files = (
			);
			runOnlyForDeploymentPostprocessing = 0;
		};
		094FF3E62DAA0D6800164DEB /* Frameworks */ = {
			isa = PBXFrameworksBuildPhase;
			buildActionMask = 2147483647;
			files = (
			);
			runOnlyForDeploymentPostprocessing = 0;
		};
		094FF3F02DAA0D6800164DEB /* Frameworks */ = {
			isa = PBXFrameworksBuildPhase;
			buildActionMask = 2147483647;
			files = (
			);
			runOnlyForDeploymentPostprocessing = 0;
		};
/* End PBXFrameworksBuildPhase section */

/* Begin PBXGroup section */
		094FF3D02DAA0D6600164DEB = {
			isa = PBXGroup;
			children = (
				094FF3DB2DAA0D6600164DEB /* Group-Project */,
				094FF3EC2DAA0D6800164DEB /* Group-ProjectTests */,
				094FF3F62DAA0D6800164DEB /* Group-ProjectUITests */,
				094FF3DA2DAA0D6600164DEB /* Products */,
			);
			sourceTree = "<group>";
		};
		094FF3DA2DAA0D6600164DEB /* Products */ = {
			isa = PBXGroup;
			children = (
				094FF3D92DAA0D6600164DEB /* PolyWatch.app */,
				094FF3E92DAA0D6800164DEB /* PolyWatchTests.xctest */,
				094FF3F32DAA0D6800164DEB /* PolyWatchUITests.xctest */,
			);
			name = Products;
			sourceTree = "<group>";
		};
/* End PBXGroup section */

/* Begin PBXNativeTarget section */
		094FF3D82DAA0D6600164DEB /* PolyWatch */ = {
			isa = PBXNativeTarget;
			buildConfigurationList = 094FF3FD2DAA0D6800164DEB /* Build configuration list for PBXNativeTarget "PolyWatch" */;
			buildPhases = (
				094FF3D52DAA0D6600164DEB /* Sources */,
				094FF3D62DAA0D6600164DEB /* Frameworks */,
				094FF3D72DAA0D6600164DEB /* Resources */,
			);
			buildRules = (
			);
			dependencies = (
			);
			fileSystemSynchronizedGroups = (
				094FF3DB2DAA0D6600164DEB /* Group-Project */,
			);
			name = PolyWatch;
			packageProductDependencies = (
			);
			productName = "Group-Project";
			productReference = 094FF3D92DAA0D6600164DEB /* PolyWatch.app */;
			productType = "com.apple.product-type.application";
		};
		094FF3E82DAA0D6800164DEB /* PolyWatchTests */ = {
			isa = PBXNativeTarget;
			buildConfigurationList = 094FF4002DAA0D6800164DEB /* Build configuration list for PBXNativeTarget "PolyWatchTests" */;
			buildPhases = (
				094FF3E52DAA0D6800164DEB /* Sources */,
				094FF3E62DAA0D6800164DEB /* Frameworks */,
				094FF3E72DAA0D6800164DEB /* Resources */,
			);
			buildRules = (
			);
			dependencies = (
				094FF3EB2DAA0D6800164DEB /* PBXTargetDependency */,
			);
			fileSystemSynchronizedGroups = (
				094FF3EC2DAA0D6800164DEB /* Group-ProjectTests */,
			);
			name = PolyWatchTests;
			packageProductDependencies = (
			);
			productName = "Group-ProjectTests";
			productReference = 094FF3E92DAA0D6800164DEB /* PolyWatchTests.xctest */;
			productType = "com.apple.product-type.bundle.unit-test";
		};
		094FF3F22DAA0D6800164DEB /* PolyWatchUITests */ = {
			isa = PBXNativeTarget;
			buildConfigurationList = 094FF4032DAA0D6800164DEB /* Build configuration list for PBXNativeTarget "PolyWatchUITests" */;
			buildPhases = (
				094FF3EF2DAA0D6800164DEB /* Sources */,
				094FF3F02DAA0D6800164DEB /* Frameworks */,
				094FF3F12DAA0D6800164DEB /* Resources */,
			);
			buildRules = (
			);
			dependencies = (
				094FF3F52DAA0D6800164DEB /* PBXTargetDependency */,
			);
			fileSystemSynchronizedGroups = (
				094FF3F62DAA0D6800164DEB /* Group-ProjectUITests */,
			);
			name = PolyWatchUITests;
			packageProductDependencies = (
			);
			productName = "Group-ProjectUITests";
			productReference = 094FF3F32DAA0D6800164DEB /* PolyWatchUITests.xctest */;
			productType = "com.apple.product-type.bundle.ui-testing";
		};
/* End PBXNativeTarget section */

/* Begin PBXProject section */
		094FF3D12DAA0D6600164DEB /* Project object */ = {
			isa = PBXProject;
			attributes = {
				BuildIndependentTargetsInParallel = 1;
				LastSwiftUpdateCheck = 1620;
				LastUpgradeCheck = 1620;
				TargetAttributes = {
					094FF3D82DAA0D6600164DEB = {
						CreatedOnToolsVersion = 16.2;
					};
					094FF3E82DAA0D6800164DEB = {
						CreatedOnToolsVersion = 16.2;
						TestTargetID = 094FF3D82DAA0D6600164DEB;
					};
					094FF3F22DAA0D6800164DEB = {
						CreatedOnToolsVersion = 16.2;
						TestTargetID = 094FF3D82DAA0D6600164DEB;
					};
				};
			};
			buildConfigurationList = 094FF3D42DAA0D6600164DEB /* Build configuration list for PBXProject "PolyWatch" */;
			developmentRegion = en;
			hasScannedForEncodings = 0;
			knownRegions = (
				en,
				Base,
			);
			mainGroup = 094FF3D02DAA0D6600164DEB;
			minimizedProjectReferenceProxies = 1;
			preferredProjectObjectVersion = 77;
			productRefGroup = 094FF3DA2DAA0D6600164DEB /* Products */;
			projectDirPath = "";
			projectRoot = "";
			targets = (
				094FF3D82DAA0D6600164DEB /* PolyWatch */,
				094FF3E82DAA0D6800164DEB /* PolyWatchTests */,
				094FF3F22DAA0D6800164DEB /* PolyWatchUITests */,
			);
		};
/* End PBXProject section */

/* Begin PBXResourcesBuildPhase section */
		094FF3D72DAA0D6600164DEB /* Resources */ = {
			isa = PBXResourcesBuildPhase;
			buildActionMask = 2147483647;
			files = (
			);
			runOnlyForDeploymentPostprocessing = 0;
		};
		094FF3E72DAA0D6800164DEB /* Resources */ = {
			isa = PBXResourcesBuildPhase;
			buildActionMask = 2147483647;
			files = (
			);
			runOnlyForDeploymentPostprocessing = 0;
		};
		094FF3F12DAA0D6800164DEB /* Resources */ = {
			isa = PBXResourcesBuildPhase;
			buildActionMask = 2147483647;
			files = (
			);
			runOnlyForDeploymentPostprocessing = 0;
		};
/* End PBXResourcesBuildPhase section */

/* Begin PBXSourcesBuildPhase section */
		094FF3D52DAA0D6600164DEB /* Sources */ = {
			isa = PBXSourcesBuildPhase;
			buildActionMask = 2147483647;
			files = (
			);
			runOnlyForDeploymentPostprocessing = 0;
		};
		094FF3E52DAA0D6800164DEB /* Sources */ = {
			isa = PBXSourcesBuildPhase;
			buildActionMask = 2147483647;
			files = (
			);
			runOnlyForDeploymentPostprocessing = 0;
		};
		094FF3EF2DAA0D6800164DEB /* Sources */ = {
			isa = PBXSourcesBuildPhase;
			buildActionMask = 2147483647;
			files = (
			);
			runOnlyForDeploymentPostprocessing = 0;
		};
/* End PBXSourcesBuildPhase section */

/* Begin PBXTargetDependency section */
		094FF3EB2DAA0D6800164DEB /* PBXTargetDependency */ = {
			isa = PBXTargetDependency;
			target = 094FF3D82DAA0D6600164DEB /* PolyWatch */;
			targetProxy = 094FF3EA2DAA0D6800164DEB /* PBXContainerItemProxy */;
		};
		094FF3F52DAA0D6800164DEB /* PBXTargetDependency */ = {
			isa = PBXTargetDependency;
			target = 094FF3D82DAA0D6600164DEB /* PolyWatch */;
			targetProxy = 094FF3F42DAA0D6800164DEB /* PBXContainerItemProxy */;
		};
/* End PBXTargetDependency section */

/* Begin XCBuildConfiguration section */
		094FF3FB2DAA0D6800164DEB /* Debug */ = {
			isa = XCBuildConfiguration;
			buildSettings = {
				ALWAYS_SEARCH_USER_PATHS = NO;
				ASSETCATALOG_COMPILER_GENERATE_SWIFT_ASSET_SYMBOL_EXTENSIONS = YES;
				CLANG_ANALYZER_NONNULL = YES;
				CLANG_ANALYZER_NUMBER_OBJECT_CONVERSION = YES_AGGRESSIVE;
				CLANG_CXX_LANGUAGE_STANDARD = "gnu++20";
				CLANG_ENABLE_MODULES = YES;
				CLANG_ENABLE_OBJC_ARC = YES;
				CLANG_ENABLE_OBJC_WEAK = YES;
				CLANG_WARN_BLOCK_CAPTURE_AUTORELEASING = YES;
				CLANG_WARN_BOOL_CONVERSION = YES;
				CLANG_WARN_COMMA = YES;
				CLANG_WARN_CONSTANT_CONVERSION = YES;
				CLANG_WARN_DEPRECATED_OBJC_IMPLEMENTATIONS = YES;
				CLANG_WARN_DIRECT_OBJC_ISA_USAGE = YES_ERROR;
				CLANG_WARN_DOCUMENTATION_COMMENTS = YES;
				CLANG_WARN_EMPTY_BODY = YES;
				CLANG_WARN_ENUM_CONVERSION = YES;
				CLANG_WARN_INFINITE_RECURSION = YES;
				CLANG_WARN_INT_CONVERSION = YES;
				CLANG_WARN_NON_LITERAL_NULL_CONVERSION = YES;
				CLANG_WARN_OBJC_IMPLICIT_RETAIN_SELF = YES;
				CLANG_WARN_OBJC_LITERAL_CONVERSION = YES;
				CLANG_WARN_OBJC_ROOT_CLASS = YES_ERROR;
				CLANG_WARN_QUOTED_INCLUDE_IN_FRAMEWORK_HEADER = YES;
				CLANG_WARN_RANGE_LOOP_ANALYSIS = YES;
				CLANG_WARN_STRICT_PROTOTYPES = YES;
				CLANG_WARN_SUSPICIOUS_MOVE = YES;
				CLANG_WARN_UNGUARDED_AVAILABILITY = YES_AGGRESSIVE;
				CLANG_WARN_UNREACHABLE_CODE = YES;
				CLANG_WARN__DUPLICATE_METHOD_MATCH = YES;
				COPY_PHASE_STRIP = NO;
				DEBUG_INFORMATION_FORMAT = dwarf;
				ENABLE_STRICT_OBJC_MSGSEND = YES;
				ENABLE_TESTABILITY = YES;
				ENABLE_USER_SCRIPT_SANDBOXING = YES;
				GCC_C_LANGUAGE_STANDARD = gnu17;
				GCC_DYNAMIC_NO_PIC = NO;
				GCC_NO_COMMON_BLOCKS = YES;
				GCC_OPTIMIZATION_LEVEL = 0;
				GCC_PREPROCESSOR_DEFINITIONS = (
					"DEBUG=1",
					"$(inherited)",
				);
				GCC_WARN_64_TO_32_BIT_CONVERSION = YES;
				GCC_WARN_ABOUT_RETURN_TYPE = YES_ERROR;
				GCC_WARN_UNDECLARED_SELECTOR = YES;
				GCC_WARN_UNINITIALIZED_AUTOS = YES_AGGRESSIVE;
				GCC_WARN_UNUSED_FUNCTION = YES;
				GCC_WARN_UNUSED_VARIABLE = YES;
				IPHONEOS_DEPLOYMENT_TARGET = 18.2;
				LOCALIZATION_PREFERS_STRING_CATALOGS = YES;
				MTL_ENABLE_DEBUG_INFO = INCLUDE_SOURCE;
				MTL_FAST_MATH = YES;
				ONLY_ACTIVE_ARCH = YES;
				SDKROOT = iphoneos;
				SWIFT_ACTIVE_COMPILATION_CONDITIONS = "DEBUG $(inherited)";
				SWIFT_OPTIMIZATION_LEVEL = "-Onone";
			};
			name = Debug;
		};
		094FF3FC2DAA0D6800164DEB /* Release */ = {
			isa = XCBuildConfiguration;
			buildSettings = {
				ALWAYS_SEARCH_USER_PATHS = NO;
				ASSETCATALOG_COMPILER_GENERATE_SWIFT_ASSET_SYMBOL_EXTENSIONS = YES;
				CLANG_ANALYZER_NONNULL = YES;
				CLANG_ANALYZER_NUMBER_OBJECT_CONVERSION = YES_AGGRESSIVE;
				CLANG_CXX_LANGUAGE_STANDARD = "gnu++20";
				CLANG_ENABLE_MODULES = YES;
				CLANG_ENABLE_OBJC_ARC = YES;
				CLANG_ENABLE_OBJC_WEAK = YES;
				CLANG_WARN_BLOCK_CAPTURE_AUTORELEASING = YES;
				CLANG_WARN_BOOL_CONVERSION = YES;
				CLANG_WARN_COMMA = YES;
				CLANG_WARN_CONSTANT_CONVERSION = YES;
				CLANG_WARN_DEPRECATED_OBJC_IMPLEMENTATIONS = YES;
				CLANG_WARN_DIRECT_OBJC_ISA_USAGE = YES_ERROR;
				CLANG_WARN_DOCUMENTATION_COMMENTS = YES;
				CLANG_WARN_EMPTY_BODY = YES;
				CLANG_WARN_ENUM_CONVERSION = YES;
				CLANG_WARN_INFINITE_RECURSION = YES;
				CLANG_WARN_INT_CONVERSION = YES;
				CLANG_WARN_NON_LITERAL_NULL_CONVERSION = YES;
				CLANG_WARN_OBJC_IMPLICIT_RETAIN_SELF = YES;
				CLANG_WARN_OBJC_LITERAL_CONVERSION = YES;
				CLANG_WARN_OBJC_ROOT_CLASS = YES_ERROR;
				CLANG_WARN_QUOTED_INCLUDE_IN_FRAMEWORK_HEADER = YES;
				CLANG_WARN_RANGE_LOOP_ANALYSIS = YES;
				CLANG_WARN_STRICT_PROTOTYPES = YES;
				CLANG_WARN_SUSPICIOUS_MOVE = YES;
				CLANG_WARN_UNGUARDED_AVAILABILITY = YES_AGGRESSIVE;
				CLANG_WARN_UNREACHABLE_CODE = YES;
				CLANG_WARN__DUPLICATE_METHOD_MATCH = YES;
				COPY_PHASE_STRIP = NO;
				DEBUG_INFORMATION_FORMAT = "dwarf-with-dsym";
				ENABLE_NS_ASSERTIONS = NO;
				ENABLE_STRICT_OBJC_MSGSEND = YES;
				ENABLE_USER_SCRIPT_SANDBOXING = YES;
				GCC_C_LANGUAGE_STANDARD = gnu17;
				GCC_NO_COMMON_BLOCKS = YES;
				GCC_WARN_64_TO_32_BIT_CONVERSION = YES;
				GCC_WARN_ABOUT_RETURN_TYPE = YES_ERROR;
				GCC_WARN_UNDECLARED_SELECTOR = YES;
				GCC_WARN_UNINITIALIZED_AUTOS = YES_AGGRESSIVE;
				GCC_WARN_UNUSED_FUNCTION = YES;
				GCC_WARN_UNUSED_VARIABLE = YES;
				IPHONEOS_DEPLOYMENT_TARGET = 18.2;
				LOCALIZATION_PREFERS_STRING_CATALOGS = YES;
				MTL_ENABLE_DEBUG_INFO = NO;
				MTL_FAST_MATH = YES;
				SDKROOT = iphoneos;
				SWIFT_COMPILATION_MODE = wholemodule;
				VALIDATE_PRODUCT = YES;
			};
			name = Release;
		};
		094FF3FE2DAA0D6800164DEB /* Debug */ = {
			isa = XCBuildConfiguration;
			buildSettings = {
				ASSETCATALOG_COMPILER_APPICON_NAME = AppIcon;
				ASSETCATALOG_COMPILER_GLOBAL_ACCENT_COLOR_NAME = AccentColor;
				CODE_SIGN_STYLE = Automatic;
				CURRENT_PROJECT_VERSION = 1;
				DEVELOPMENT_ASSET_PATHS = "\"Group-Project/Preview Content\"";
				ENABLE_PREVIEWS = YES;
				GENERATE_INFOPLIST_FILE = YES;
				INFOPLIST_KEY_UIApplicationSceneManifest_Generation = YES;
				INFOPLIST_KEY_UIApplicationSupportsIndirectInputEvents = YES;
				INFOPLIST_KEY_UILaunchScreen_Generation = YES;
				INFOPLIST_KEY_UISupportedInterfaceOrientations_iPad = "UIInterfaceOrientationPortrait UIInterfaceOrientationPortraitUpsideDown UIInterfaceOrientationLandscapeLeft UIInterfaceOrientationLandscapeRight";
				INFOPLIST_KEY_UISupportedInterfaceOrientations_iPhone = "UIInterfaceOrientationPortrait UIInterfaceOrientationLandscapeLeft UIInterfaceOrientationLandscapeRight";
				LD_RUNPATH_SEARCH_PATHS = (
					"$(inherited)",
					"@executable_path/Frameworks",
				);
				MARKETING_VERSION = 1.0;
				PRODUCT_BUNDLE_IDENTIFIER = "com.Group-Project";
				PRODUCT_NAME = "$(TARGET_NAME)";
				SWIFT_EMIT_LOC_STRINGS = YES;
				SWIFT_VERSION = 5.0;
				TARGETED_DEVICE_FAMILY = "1,2";
			};
			name = Debug;
		};
		094FF3FF2DAA0D6800164DEB /* Release */ = {
			isa = XCBuildConfiguration;
			buildSettings = {
				ASSETCATALOG_COMPILER_APPICON_NAME = AppIcon;
				ASSETCATALOG_COMPILER_GLOBAL_ACCENT_COLOR_NAME = AccentColor;
				CODE_SIGN_STYLE = Automatic;
				CURRENT_PROJECT_VERSION = 1;
				DEVELOPMENT_ASSET_PATHS = "\"Group-Project/Preview Content\"";
				ENABLE_PREVIEWS = YES;
				GENERATE_INFOPLIST_FILE = YES;
				INFOPLIST_KEY_UIApplicationSceneManifest_Generation = YES;
				INFOPLIST_KEY_UIApplicationSupportsIndirectInputEvents = YES;
				INFOPLIST_KEY_UILaunchScreen_Generation = YES;
				INFOPLIST_KEY_UISupportedInterfaceOrientations_iPad = "UIInterfaceOrientationPortrait UIInterfaceOrientationPortraitUpsideDown UIInterfaceOrientationLandscapeLeft UIInterfaceOrientationLandscapeRight";
				INFOPLIST_KEY_UISupportedInterfaceOrientations_iPhone = "UIInterfaceOrientationPortrait UIInterfaceOrientationLandscapeLeft UIInterfaceOrientationLandscapeRight";
				LD_RUNPATH_SEARCH_PATHS = (
					"$(inherited)",
					"@executable_path/Frameworks",
				);
				MARKETING_VERSION = 1.0;
				PRODUCT_BUNDLE_IDENTIFIER = "com.Group-Project";
				PRODUCT_NAME = "$(TARGET_NAME)";
				SWIFT_EMIT_LOC_STRINGS = YES;
				SWIFT_VERSION = 5.0;
				TARGETED_DEVICE_FAMILY = "1,2";
			};
			name = Release;
		};
		094FF4012DAA0D6800164DEB /* Debug */ = {
			isa = XCBuildConfiguration;
			buildSettings = {
				BUNDLE_LOADER = "$(TEST_HOST)";
				CODE_SIGN_STYLE = Automatic;
				CURRENT_PROJECT_VERSION = 1;
				GENERATE_INFOPLIST_FILE = YES;
				IPHONEOS_DEPLOYMENT_TARGET = 18.2;
				MARKETING_VERSION = 1.0;
				PRODUCT_BUNDLE_IDENTIFIER = "com.Group-ProjectTests";
				PRODUCT_NAME = "$(TARGET_NAME)";
				SWIFT_EMIT_LOC_STRINGS = NO;
				SWIFT_VERSION = 5.0;
				TARGETED_DEVICE_FAMILY = "1,2";
				TEST_HOST = "$(BUILT_PRODUCTS_DIR)/PolyWatch.app/$(BUNDLE_EXECUTABLE_FOLDER_PATH)/PolyWatch";
			};
			name = Debug;
		};
		094FF4022DAA0D6800164DEB /* Release */ = {
			isa = XCBuildConfiguration;
			buildSettings = {
				BUNDLE_LOADER = "$(TEST_HOST)";
				CODE_SIGN_STYLE = Automatic;
				CURRENT_PROJECT_VERSION = 1;
				GENERATE_INFOPLIST_FILE = YES;
				IPHONEOS_DEPLOYMENT_TARGET = 18.2;
				MARKETING_VERSION = 1.0;
				PRODUCT_BUNDLE_IDENTIFIER = "com.Group-ProjectTests";
				PRODUCT_NAME = "$(TARGET_NAME)";
				SWIFT_EMIT_LOC_STRINGS = NO;
				SWIFT_VERSION = 5.0;
				TARGETED_DEVICE_FAMILY = "1,2";
				TEST_HOST = "$(BUILT_PRODUCTS_DIR)/PolyWatch.app/$(BUNDLE_EXECUTABLE_FOLDER_PATH)/PolyWatch";
			};
			name = Release;
		};
		094FF4042DAA0D6800164DEB /* Debug */ = {
			isa = XCBuildConfiguration;
			buildSettings = {
				CODE_SIGN_STYLE = Automatic;
				CURRENT_PROJECT_VERSION = 1;
				GENERATE_INFOPLIST_FILE = YES;
				MARKETING_VERSION = 1.0;
				PRODUCT_BUNDLE_IDENTIFIER = "com.Group-ProjectUITests";
				PRODUCT_NAME = "$(TARGET_NAME)";
				SWIFT_EMIT_LOC_STRINGS = NO;
				SWIFT_VERSION = 5.0;
				TARGETED_DEVICE_FAMILY = "1,2";
				TEST_TARGET_NAME = "Group-Project";
			};
			name = Debug;
		};
		094FF4052DAA0D6800164DEB /* Release */ = {
			isa = XCBuildConfiguration;
			buildSettings = {
				CODE_SIGN_STYLE = Automatic;
				CURRENT_PROJECT_VERSION = 1;
				GENERATE_INFOPLIST_FILE = YES;
				MARKETING_VERSION = 1.0;
				PRODUCT_BUNDLE_IDENTIFIER = "com.Group-ProjectUITests";
				PRODUCT_NAME = "$(TARGET_NAME)";
				SWIFT_EMIT_LOC_STRINGS = NO;
				SWIFT_VERSION = 5.0;
				TARGETED_DEVICE_FAMILY = "1,2";
				TEST_TARGET_NAME = "Group-Project";
			};
			name = Release;
		};
/* End XCBuildConfiguration section */

/* Begin XCConfigurationList section */
		094FF3D42DAA0D6600164DEB /* Build configuration list for PBXProject "PolyWatch" */ = {
			isa = XCConfigurationList;
			buildConfigurations = (
				094FF3FB2DAA0D6800164DEB /* Debug */,
				094FF3FC2DAA0D6800164DEB /* Release */,
			);
			defaultConfigurationIsVisible = 0;
			defaultConfigurationName = Release;
		};
		094FF3FD2DAA0D6800164DEB /* Build configuration list for PBXNativeTarget "PolyWatch" */ = {
			isa = XCConfigurationList;
			buildConfigurations = (
				094FF3FE2DAA0D6800164DEB /* Debug */,
				094FF3FF2DAA0D6800164DEB /* Release */,
			);
			defaultConfigurationIsVisible = 0;
			defaultConfigurationName = Release;
		};
		094FF4002DAA0D6800164DEB /* Build configuration list for PBXNativeTarget "PolyWatchTests" */ = {
			isa = XCConfigurationList;
			buildConfigurations = (
				094FF4012DAA0D6800164DEB /* Debug */,
				094FF4022DAA0D6800164DEB /* Release */,
			);
			defaultConfigurationIsVisible = 0;
			defaultConfigurationName = Release;
		};
		094FF4032DAA0D6800164DEB /* Build configuration list for PBXNativeTarget "PolyWatchUITests" */ = {
			isa = XCConfigurationList;
			buildConfigurations = (
				094FF4042DAA0D6800164DEB /* Debug */,
				094FF4052DAA0D6800164DEB /* Release */,
			);
			defaultConfigurationIsVisible = 0;
			defaultConfigurationName = Release;
		};
/* End XCConfigurationList section */
	};
	rootObject = 094FF3D12DAA0D6600164DEB /* Project object */;
}
